// !$*UTF8*$!
{
	archiveVersion = 1;
	classes = {
	};
	objectVersion = 56;
	objects = {

/* Begin PBXBuildFile section */
		6F75F2D82B8B1F15008C7E7E /* WaterApplicationApp.swift in Sources */ = {isa = PBXBuildFile; fileRef = 6F75F2D72B8B1F15008C7E7E /* WaterApplicationApp.swift */; };
		6F75F2DF2B8B1F16008C7E7E /* Preview Assets.xcassets in Resources */ = {isa = PBXBuildFile; fileRef = 6F75F2DE2B8B1F16008C7E7E /* Preview Assets.xcassets */; };
		6F75F2EC2B8B204F008C7E7E /* WaterApplicatoinApp.swift in Sources */ = {isa = PBXBuildFile; fileRef = 6F75F2EB2B8B204F008C7E7E /* WaterApplicatoinApp.swift */; };
		6F75F2EE2B8B204F008C7E7E /* ContentView.swift in Sources */ = {isa = PBXBuildFile; fileRef = 6F75F2ED2B8B204F008C7E7E /* ContentView.swift */; };
		6F75F2F32B8B2050008C7E7E /* Preview Assets.xcassets in Resources */ = {isa = PBXBuildFile; fileRef = 6F75F2F22B8B2050008C7E7E /* Preview Assets.xcassets */; };
		6F75F2F62B8B2050008C7E7E /* WaterApplicatoin Watch App.app in Embed Watch Content */ = {isa = PBXBuildFile; fileRef = 6F75F2E92B8B204E008C7E7E /* WaterApplicatoin Watch App.app */; settings = {ATTRIBUTES = (RemoveHeadersOnCopy, ); }; };
		6F75F3022B8B22BB008C7E7E /* HomeViews.swift in Sources */ = {isa = PBXBuildFile; fileRef = 6F75F3012B8B22BB008C7E7E /* HomeViews.swift */; };
		6F75F3042B8B232B008C7E7E /* LiterView.swift in Sources */ = {isa = PBXBuildFile; fileRef = 6F75F3032B8B232B008C7E7E /* LiterView.swift */; };
		6F75F3062B8B2331008C7E7E /* SecondTab.swift in Sources */ = {isa = PBXBuildFile; fileRef = 6F75F3052B8B2331008C7E7E /* SecondTab.swift */; };
		6F75F30A2B8B2407008C7E7E /* ContentView.swift in Sources */ = {isa = PBXBuildFile; fileRef = 6F75F3092B8B2407008C7E7E /* ContentView.swift */; };
		6F75F30C2B8B2411008C7E7E /* NeedWaterView.swift in Sources */ = {isa = PBXBuildFile; fileRef = 6F75F30B2B8B2411008C7E7E /* NeedWaterView.swift */; };
		6F75F30E2B8B2418008C7E7E /* NotificationView.swift in Sources */ = {isa = PBXBuildFile; fileRef = 6F75F30D2B8B2418008C7E7E /* NotificationView.swift */; };
		6F75F3102B8B2421008C7E7E /* SplashViews.swift in Sources */ = {isa = PBXBuildFile; fileRef = 6F75F30F2B8B2421008C7E7E /* SplashViews.swift */; };
		6F75F3122B8B2434008C7E7E /* Assets.xcassets in Resources */ = {isa = PBXBuildFile; fileRef = 6F75F3112B8B2434008C7E7E /* Assets.xcassets */; };
		6F75F3142B8B2473008C7E7E /* Assets.xcassets in Resources */ = {isa = PBXBuildFile; fileRef = 6F75F3132B8B2473008C7E7E /* Assets.xcassets */; };
		6F75F3172B8B248E008C7E7E /* WatchConnecter.swift in Sources */ = {isa = PBXBuildFile; fileRef = 6F75F3162B8B248E008C7E7E /* WatchConnecter.swift */; };
		6F75F31A2B8B24B5008C7E7E /* WatchToIosConnector.swift in Sources */ = {isa = PBXBuildFile; fileRef = 6F75F3192B8B24B5008C7E7E /* WatchToIosConnector.swift */; };
		6F75F31C2B8B2552008C7E7E /* LiterView.swift in Sources */ = {isa = PBXBuildFile; fileRef = 6F75F31B2B8B2552008C7E7E /* LiterView.swift */; };
		6F75F31F2B8B2AFA008C7E7E /* WatchConnectivity.framework in Frameworks */ = {isa = PBXBuildFile; fileRef = 6F75F31E2B8B2AFA008C7E7E /* WatchConnectivity.framework */; };
		6F75F3212B8B2B6E008C7E7E /* WatchConnectivity.framework in Frameworks */ = {isa = PBXBuildFile; fileRef = 6F75F3202B8B2B6E008C7E7E /* WatchConnectivity.framework */; };
/* End PBXBuildFile section */

/* Begin PBXContainerItemProxy section */
		6F75F2F42B8B2050008C7E7E /* PBXContainerItemProxy */ = {
			isa = PBXContainerItemProxy;
			containerPortal = 6F75F2CC2B8B1F15008C7E7E /* Project object */;
			proxyType = 1;
			remoteGlobalIDString = 6F75F2E82B8B204E008C7E7E;
			remoteInfo = "WaterApplicatoin Watch App";
		};
/* End PBXContainerItemProxy section */

/* Begin PBXCopyFilesBuildPhase section */
		6F75F2FA2B8B2050008C7E7E /* Embed Watch Content */ = {
			isa = PBXCopyFilesBuildPhase;
			buildActionMask = 2147483647;
			dstPath = "$(CONTENTS_FOLDER_PATH)/Watch";
			dstSubfolderSpec = 16;
			files = (
				6F75F2F62B8B2050008C7E7E /* WaterApplicatoin Watch App.app in Embed Watch Content */,
			);
			name = "Embed Watch Content";
			runOnlyForDeploymentPostprocessing = 0;
		};
/* End PBXCopyFilesBuildPhase section */

/* Begin PBXFileReference section */
		6F75F2D42B8B1F15008C7E7E /* WaterApplication.app */ = {isa = PBXFileReference; explicitFileType = wrapper.application; includeInIndex = 0; path = WaterApplication.app; sourceTree = BUILT_PRODUCTS_DIR; };
		6F75F2D72B8B1F15008C7E7E /* WaterApplicationApp.swift */ = {isa = PBXFileReference; lastKnownFileType = sourcecode.swift; path = WaterApplicationApp.swift; sourceTree = "<group>"; };
		6F75F2DE2B8B1F16008C7E7E /* Preview Assets.xcassets */ = {isa = PBXFileReference; lastKnownFileType = folder.assetcatalog; path = "Preview Assets.xcassets"; sourceTree = "<group>"; };
		6F75F2E92B8B204E008C7E7E /* WaterApplicatoin Watch App.app */ = {isa = PBXFileReference; explicitFileType = wrapper.application; includeInIndex = 0; path = "WaterApplicatoin Watch App.app"; sourceTree = BUILT_PRODUCTS_DIR; };
		6F75F2EB2B8B204F008C7E7E /* WaterApplicatoinApp.swift */ = {isa = PBXFileReference; lastKnownFileType = sourcecode.swift; path = WaterApplicatoinApp.swift; sourceTree = "<group>"; };
		6F75F2ED2B8B204F008C7E7E /* ContentView.swift */ = {isa = PBXFileReference; lastKnownFileType = sourcecode.swift; path = ContentView.swift; sourceTree = "<group>"; };
		6F75F2F22B8B2050008C7E7E /* Preview Assets.xcassets */ = {isa = PBXFileReference; lastKnownFileType = folder.assetcatalog; path = "Preview Assets.xcassets"; sourceTree = "<group>"; };
		6F75F3012B8B22BB008C7E7E /* HomeViews.swift */ = {isa = PBXFileReference; fileEncoding = 4; lastKnownFileType = sourcecode.swift; name = HomeViews.swift; path = ../../../../Hydrate/Hydrate/Views/homeViews/HomeViews.swift; sourceTree = "<group>"; };
		6F75F3032B8B232B008C7E7E /* LiterView.swift */ = {isa = PBXFileReference; fileEncoding = 4; lastKnownFileType = sourcecode.swift; name = LiterView.swift; path = "../../../../Hydrate/Hydrate/Views/New Group/LiterView.swift"; sourceTree = "<group>"; };
		6F75F3052B8B2331008C7E7E /* SecondTab.swift */ = {isa = PBXFileReference; fileEncoding = 4; lastKnownFileType = sourcecode.swift; name = SecondTab.swift; path = "../../../../Hydrate/Hydrate/Views/New Group/SecondTab.swift"; sourceTree = "<group>"; };
		6F75F3092B8B2407008C7E7E /* ContentView.swift */ = {isa = PBXFileReference; fileEncoding = 4; lastKnownFileType = sourcecode.swift; name = ContentView.swift; path = ../../../../Hydrate/Hydrate/Views/onBordaingViews/ContentView.swift; sourceTree = "<group>"; };
		6F75F30B2B8B2411008C7E7E /* NeedWaterView.swift */ = {isa = PBXFileReference; fileEncoding = 4; lastKnownFileType = sourcecode.swift; name = NeedWaterView.swift; path = ../../../../Hydrate/Hydrate/Views/onBordaingViews/NeedWaterView.swift; sourceTree = "<group>"; };
		6F75F30D2B8B2418008C7E7E /* NotificationView.swift */ = {isa = PBXFileReference; fileEncoding = 4; lastKnownFileType = sourcecode.swift; name = NotificationView.swift; path = ../../../../Hydrate/Hydrate/Views/onBordaingViews/NotificationView.swift; sourceTree = "<group>"; };
		6F75F30F2B8B2421008C7E7E /* SplashViews.swift */ = {isa = PBXFileReference; fileEncoding = 4; lastKnownFileType = sourcecode.swift; name = SplashViews.swift; path = ../../../Hydrate/Hydrate/Views/SplashViews.swift; sourceTree = "<group>"; };
		6F75F3112B8B2434008C7E7E /* Assets.xcassets */ = {isa = PBXFileReference; lastKnownFileType = folder.assetcatalog; name = Assets.xcassets; path = ../../Hydrate/Hydrate/Assets.xcassets; sourceTree = "<group>"; };
		6F75F3132B8B2473008C7E7E /* Assets.xcassets */ = {isa = PBXFileReference; lastKnownFileType = folder.assetcatalog; name = Assets.xcassets; path = "../../Hydrate/Hydrate Watch App/Assets.xcassets"; sourceTree = "<group>"; };
		6F75F3162B8B248E008C7E7E /* WatchConnecter.swift */ = {isa = PBXFileReference; fileEncoding = 4; lastKnownFileType = sourcecode.swift; name = WatchConnecter.swift; path = ../../../Hydrate/Hydrate/Controller/WatchConnecter.swift; sourceTree = "<group>"; };
		6F75F3192B8B24B5008C7E7E /* WatchToIosConnector.swift */ = {isa = PBXFileReference; fileEncoding = 4; lastKnownFileType = sourcecode.swift; name = WatchToIosConnector.swift; path = "../../../Hydrate/Hydrate Watch App/Controller/WatchToIosConnector.swift"; sourceTree = "<group>"; };
		6F75F31B2B8B2552008C7E7E /* LiterView.swift */ = {isa = PBXFileReference; fileEncoding = 4; lastKnownFileType = sourcecode.swift; name = LiterView.swift; path = "../../../../Downloads/HydrateWaterApp Watch App/LiterView.swift"; sourceTree = "<group>"; };
		6F75F31E2B8B2AFA008C7E7E /* WatchConnectivity.framework */ = {isa = PBXFileReference; lastKnownFileType = wrapper.framework; name = WatchConnectivity.framework; path = System/Library/Frameworks/WatchConnectivity.framework; sourceTree = SDKROOT; };
		6F75F3202B8B2B6E008C7E7E /* WatchConnectivity.framework */ = {isa = PBXFileReference; lastKnownFileType = wrapper.framework; name = WatchConnectivity.framework; path = Platforms/WatchOS.platform/Developer/SDKs/WatchOS10.2.sdk/System/Library/Frameworks/WatchConnectivity.framework; sourceTree = DEVELOPER_DIR; };
/* End PBXFileReference section */

/* Begin PBXFrameworksBuildPhase section */
		6F75F2D12B8B1F15008C7E7E /* Frameworks */ = {
			isa = PBXFrameworksBuildPhase;
			buildActionMask = 2147483647;
			files = (
				6F75F31F2B8B2AFA008C7E7E /* WatchConnectivity.framework in Frameworks */,
			);
			runOnlyForDeploymentPostprocessing = 0;
		};
		6F75F2E62B8B204E008C7E7E /* Frameworks */ = {
			isa = PBXFrameworksBuildPhase;
			buildActionMask = 2147483647;
			files = (
				6F75F3212B8B2B6E008C7E7E /* WatchConnectivity.framework in Frameworks */,
			);
			runOnlyForDeploymentPostprocessing = 0;
		};
/* End PBXFrameworksBuildPhase section */

/* Begin PBXGroup section */
		6F75F2CB2B8B1F15008C7E7E = {
			isa = PBXGroup;
			children = (
				6F75F2D62B8B1F15008C7E7E /* WaterApplication */,
				6F75F2EA2B8B204F008C7E7E /* WaterApplicatoin Watch App */,
				6F75F2D52B8B1F15008C7E7E /* Products */,
				6F75F31D2B8B2AFA008C7E7E /* Frameworks */,
			);
			sourceTree = "<group>";
		};
		6F75F2D52B8B1F15008C7E7E /* Products */ = {
			isa = PBXGroup;
			children = (
				6F75F2D42B8B1F15008C7E7E /* WaterApplication.app */,
				6F75F2E92B8B204E008C7E7E /* WaterApplicatoin Watch App.app */,
			);
			name = Products;
			sourceTree = "<group>";
		};
		6F75F2D62B8B1F15008C7E7E /* WaterApplication */ = {
			isa = PBXGroup;
			children = (
				6F75F3152B8B247F008C7E7E /* Controller */,
				6F75F2FB2B8B214F008C7E7E /* Views */,
				6F75F2D72B8B1F15008C7E7E /* WaterApplicationApp.swift */,
				6F75F3112B8B2434008C7E7E /* Assets.xcassets */,
				6F75F2DD2B8B1F16008C7E7E /* Preview Content */,
			);
			path = WaterApplication;
			sourceTree = "<group>";
		};
		6F75F2DD2B8B1F16008C7E7E /* Preview Content */ = {
			isa = PBXGroup;
			children = (
				6F75F2DE2B8B1F16008C7E7E /* Preview Assets.xcassets */,
			);
			path = "Preview Content";
			sourceTree = "<group>";
		};
		6F75F2EA2B8B204F008C7E7E /* WaterApplicatoin Watch App */ = {
			isa = PBXGroup;
			children = (
				6F75F3182B8B24A1008C7E7E /* Controller */,
				6F75F2EB2B8B204F008C7E7E /* WaterApplicatoinApp.swift */,
				6F75F31B2B8B2552008C7E7E /* LiterView.swift */,
				6F75F2ED2B8B204F008C7E7E /* ContentView.swift */,
				6F75F3132B8B2473008C7E7E /* Assets.xcassets */,
				6F75F2F12B8B2050008C7E7E /* Preview Content */,
			);
			path = "WaterApplicatoin Watch App";
			sourceTree = "<group>";
		};
		6F75F2F12B8B2050008C7E7E /* Preview Content */ = {
			isa = PBXGroup;
			children = (
				6F75F2F22B8B2050008C7E7E /* Preview Assets.xcassets */,
			);
			path = "Preview Content";
			sourceTree = "<group>";
		};
		6F75F2FB2B8B214F008C7E7E /* Views */ = {
			isa = PBXGroup;
			children = (
				6F75F30F2B8B2421008C7E7E /* SplashViews.swift */,
				6F75F3082B8B23FA008C7E7E /* OnBoradingViews */,
				6F75F3002B8B2294008C7E7E /* HomeViews */,
			);
			path = Views;
			sourceTree = "<group>";
		};
		6F75F3002B8B2294008C7E7E /* HomeViews */ = {
			isa = PBXGroup;
			children = (
				6F75F3052B8B2331008C7E7E /* SecondTab.swift */,
				6F75F3032B8B232B008C7E7E /* LiterView.swift */,
				6F75F3012B8B22BB008C7E7E /* HomeViews.swift */,
			);
			path = HomeViews;
			sourceTree = "<group>";
		};
		6F75F3082B8B23FA008C7E7E /* OnBoradingViews */ = {
			isa = PBXGroup;
			children = (
				6F75F30D2B8B2418008C7E7E /* NotificationView.swift */,
				6F75F30B2B8B2411008C7E7E /* NeedWaterView.swift */,
				6F75F3092B8B2407008C7E7E /* ContentView.swift */,
			);
			path = OnBoradingViews;
			sourceTree = "<group>";
		};
		6F75F3152B8B247F008C7E7E /* Controller */ = {
			isa = PBXGroup;
			children = (
				6F75F3162B8B248E008C7E7E /* WatchConnecter.swift */,
			);
			path = Controller;
			sourceTree = "<group>";
		};
		6F75F3182B8B24A1008C7E7E /* Controller */ = {
			isa = PBXGroup;
			children = (
				6F75F3192B8B24B5008C7E7E /* WatchToIosConnector.swift */,
			);
			path = Controller;
			sourceTree = "<group>";
		};
		6F75F31D2B8B2AFA008C7E7E /* Frameworks */ = {
			isa = PBXGroup;
			children = (
				6F75F3202B8B2B6E008C7E7E /* WatchConnectivity.framework */,
				6F75F31E2B8B2AFA008C7E7E /* WatchConnectivity.framework */,
			);
			name = Frameworks;
			sourceTree = "<group>";
		};
/* End PBXGroup section */

/* Begin PBXNativeTarget section */
		6F75F2D32B8B1F15008C7E7E /* WaterApplication */ = {
			isa = PBXNativeTarget;
			buildConfigurationList = 6F75F2E22B8B1F16008C7E7E /* Build configuration list for PBXNativeTarget "WaterApplication" */;
			buildPhases = (
				6F75F2D02B8B1F15008C7E7E /* Sources */,
				6F75F2D12B8B1F15008C7E7E /* Frameworks */,
				6F75F2D22B8B1F15008C7E7E /* Resources */,
				6F75F2FA2B8B2050008C7E7E /* Embed Watch Content */,
			);
			buildRules = (
			);
			dependencies = (
				6F75F2F52B8B2050008C7E7E /* PBXTargetDependency */,
			);
			name = WaterApplication;
			productName = WaterApplication;
			productReference = 6F75F2D42B8B1F15008C7E7E /* WaterApplication.app */;
			productType = "com.apple.product-type.application";
		};
		6F75F2E82B8B204E008C7E7E /* WaterApplicatoin Watch App */ = {
			isa = PBXNativeTarget;
			buildConfigurationList = 6F75F2F72B8B2050008C7E7E /* Build configuration list for PBXNativeTarget "WaterApplicatoin Watch App" */;
			buildPhases = (
				6F75F2E52B8B204E008C7E7E /* Sources */,
				6F75F2E62B8B204E008C7E7E /* Frameworks */,
				6F75F2E72B8B204E008C7E7E /* Resources */,
			);
			buildRules = (
			);
			dependencies = (
			);
			name = "WaterApplicatoin Watch App";
			productName = "WaterApplicatoin Watch App";
			productReference = 6F75F2E92B8B204E008C7E7E /* WaterApplicatoin Watch App.app */;
			productType = "com.apple.product-type.application";
		};
/* End PBXNativeTarget section */

/* Begin PBXProject section */
		6F75F2CC2B8B1F15008C7E7E /* Project object */ = {
			isa = PBXProject;
			attributes = {
				BuildIndependentTargetsInParallel = 1;
				LastSwiftUpdateCheck = 1520;
				LastUpgradeCheck = 1520;
				TargetAttributes = {
					6F75F2D32B8B1F15008C7E7E = {
						CreatedOnToolsVersion = 15.2;
					};
					6F75F2E82B8B204E008C7E7E = {
						CreatedOnToolsVersion = 15.2;
					};
				};
			};
			buildConfigurationList = 6F75F2CF2B8B1F15008C7E7E /* Build configuration list for PBXProject "WaterApplication" */;
			compatibilityVersion = "Xcode 14.0";
			developmentRegion = en;
			hasScannedForEncodings = 0;
			knownRegions = (
				en,
				Base,
			);
			mainGroup = 6F75F2CB2B8B1F15008C7E7E;
			productRefGroup = 6F75F2D52B8B1F15008C7E7E /* Products */;
			projectDirPath = "";
			projectRoot = "";
			targets = (
				6F75F2D32B8B1F15008C7E7E /* WaterApplication */,
				6F75F2E82B8B204E008C7E7E /* WaterApplicatoin Watch App */,
			);
		};
/* End PBXProject section */

/* Begin PBXResourcesBuildPhase section */
		6F75F2D22B8B1F15008C7E7E /* Resources */ = {
			isa = PBXResourcesBuildPhase;
			buildActionMask = 2147483647;
			files = (
				6F75F3122B8B2434008C7E7E /* Assets.xcassets in Resources */,
				6F75F2DF2B8B1F16008C7E7E /* Preview Assets.xcassets in Resources */,
			);
			runOnlyForDeploymentPostprocessing = 0;
		};
		6F75F2E72B8B204E008C7E7E /* Resources */ = {
			isa = PBXResourcesBuildPhase;
			buildActionMask = 2147483647;
			files = (
				6F75F3142B8B2473008C7E7E /* Assets.xcassets in Resources */,
				6F75F2F32B8B2050008C7E7E /* Preview Assets.xcassets in Resources */,
			);
			runOnlyForDeploymentPostprocessing = 0;
		};
/* End PBXResourcesBuildPhase section */

/* Begin PBXSourcesBuildPhase section */
		6F75F2D02B8B1F15008C7E7E /* Sources */ = {
			isa = PBXSourcesBuildPhase;
			buildActionMask = 2147483647;
			files = (
				6F75F3102B8B2421008C7E7E /* SplashViews.swift in Sources */,
				6F75F3062B8B2331008C7E7E /* SecondTab.swift in Sources */,
				6F75F30C2B8B2411008C7E7E /* NeedWaterView.swift in Sources */,
				6F75F30E2B8B2418008C7E7E /* NotificationView.swift in Sources */,
				6F75F3172B8B248E008C7E7E /* WatchConnecter.swift in Sources */,
				6F75F30A2B8B2407008C7E7E /* ContentView.swift in Sources */,
				6F75F3042B8B232B008C7E7E /* LiterView.swift in Sources */,
				6F75F2D82B8B1F15008C7E7E /* WaterApplicationApp.swift in Sources */,
				6F75F3022B8B22BB008C7E7E /* HomeViews.swift in Sources */,
			);
			runOnlyForDeploymentPostprocessing = 0;
		};
		6F75F2E52B8B204E008C7E7E /* Sources */ = {
			isa = PBXSourcesBuildPhase;
			buildActionMask = 2147483647;
			files = (
				6F75F2EE2B8B204F008C7E7E /* ContentView.swift in Sources */,
				6F75F31C2B8B2552008C7E7E /* LiterView.swift in Sources */,
				6F75F31A2B8B24B5008C7E7E /* WatchToIosConnector.swift in Sources */,
				6F75F2EC2B8B204F008C7E7E /* WaterApplicatoinApp.swift in Sources */,
			);
			runOnlyForDeploymentPostprocessing = 0;
		};
/* End PBXSourcesBuildPhase section */

/* Begin PBXTargetDependency section */
		6F75F2F52B8B2050008C7E7E /* PBXTargetDependency */ = {
			isa = PBXTargetDependency;
			target = 6F75F2E82B8B204E008C7E7E /* WaterApplicatoin Watch App */;
			targetProxy = 6F75F2F42B8B2050008C7E7E /* PBXContainerItemProxy */;
		};
/* End PBXTargetDependency section */

/* Begin XCBuildConfiguration section */
		6F75F2E02B8B1F16008C7E7E /* Debug */ = {
			isa = XCBuildConfiguration;
			buildSettings = {
				ALWAYS_SEARCH_USER_PATHS = NO;
				ASSETCATALOG_COMPILER_GENERATE_SWIFT_ASSET_SYMBOL_EXTENSIONS = YES;
				CLANG_ANALYZER_NONNULL = YES;
				CLANG_ANALYZER_NUMBER_OBJECT_CONVERSION = YES_AGGRESSIVE;
				CLANG_CXX_LANGUAGE_STANDARD = "gnu++20";
				CLANG_ENABLE_MODULES = YES;
				CLANG_ENABLE_OBJC_ARC = YES;
				CLANG_ENABLE_OBJC_WEAK = YES;
				CLANG_WARN_BLOCK_CAPTURE_AUTORELEASING = YES;
				CLANG_WARN_BOOL_CONVERSION = YES;
				CLANG_WARN_COMMA = YES;
				CLANG_WARN_CONSTANT_CONVERSION = YES;
				CLANG_WARN_DEPRECATED_OBJC_IMPLEMENTATIONS = YES;
				CLANG_WARN_DIRECT_OBJC_ISA_USAGE = YES_ERROR;
				CLANG_WARN_DOCUMENTATION_COMMENTS = YES;
				CLANG_WARN_EMPTY_BODY = YES;
				CLANG_WARN_ENUM_CONVERSION = YES;
				CLANG_WARN_INFINITE_RECURSION = YES;
				CLANG_WARN_INT_CONVERSION = YES;
				CLANG_WARN_NON_LITERAL_NULL_CONVERSION = YES;
				CLANG_WARN_OBJC_IMPLICIT_RETAIN_SELF = YES;
				CLANG_WARN_OBJC_LITERAL_CONVERSION = YES;
				CLANG_WARN_OBJC_ROOT_CLASS = YES_ERROR;
				CLANG_WARN_QUOTED_INCLUDE_IN_FRAMEWORK_HEADER = YES;
				CLANG_WARN_RANGE_LOOP_ANALYSIS = YES;
				CLANG_WARN_STRICT_PROTOTYPES = YES;
				CLANG_WARN_SUSPICIOUS_MOVE = YES;
				CLANG_WARN_UNGUARDED_AVAILABILITY = YES_AGGRESSIVE;
				CLANG_WARN_UNREACHABLE_CODE = YES;
				CLANG_WARN__DUPLICATE_METHOD_MATCH = YES;
				COPY_PHASE_STRIP = NO;
				DEBUG_INFORMATION_FORMAT = dwarf;
				ENABLE_STRICT_OBJC_MSGSEND = YES;
				ENABLE_TESTABILITY = YES;
				ENABLE_USER_SCRIPT_SANDBOXING = YES;
				GCC_C_LANGUAGE_STANDARD = gnu17;
				GCC_DYNAMIC_NO_PIC = NO;
				GCC_NO_COMMON_BLOCKS = YES;
				GCC_OPTIMIZATION_LEVEL = 0;
				GCC_PREPROCESSOR_DEFINITIONS = (
					"DEBUG=1",
					"$(inherited)",
				);
				GCC_WARN_64_TO_32_BIT_CONVERSION = YES;
				GCC_WARN_ABOUT_RETURN_TYPE = YES_ERROR;
				GCC_WARN_UNDECLARED_SELECTOR = YES;
				GCC_WARN_UNINITIALIZED_AUTOS = YES_AGGRESSIVE;
				GCC_WARN_UNUSED_FUNCTION = YES;
				GCC_WARN_UNUSED_VARIABLE = YES;
				IPHONEOS_DEPLOYMENT_TARGET = 17.2;
				LOCALIZATION_PREFERS_STRING_CATALOGS = YES;
				MTL_ENABLE_DEBUG_INFO = INCLUDE_SOURCE;
				MTL_FAST_MATH = YES;
				ONLY_ACTIVE_ARCH = YES;
				SDKROOT = iphoneos;
				SWIFT_ACTIVE_COMPILATION_CONDITIONS = "DEBUG $(inherited)";
				SWIFT_OPTIMIZATION_LEVEL = "-Onone";
			};
			name = Debug;
		};
		6F75F2E12B8B1F16008C7E7E /* Release */ = {
			isa = XCBuildConfiguration;
			buildSettings = {
				ALWAYS_SEARCH_USER_PATHS = NO;
				ASSETCATALOG_COMPILER_GENERATE_SWIFT_ASSET_SYMBOL_EXTENSIONS = YES;
				CLANG_ANALYZER_NONNULL = YES;
				CLANG_ANALYZER_NUMBER_OBJECT_CONVERSION = YES_AGGRESSIVE;
				CLANG_CXX_LANGUAGE_STANDARD = "gnu++20";
				CLANG_ENABLE_MODULES = YES;
				CLANG_ENABLE_OBJC_ARC = YES;
				CLANG_ENABLE_OBJC_WEAK = YES;
				CLANG_WARN_BLOCK_CAPTURE_AUTORELEASING = YES;
				CLANG_WARN_BOOL_CONVERSION = YES;
				CLANG_WARN_COMMA = YES;
				CLANG_WARN_CONSTANT_CONVERSION = YES;
				CLANG_WARN_DEPRECATED_OBJC_IMPLEMENTATIONS = YES;
				CLANG_WARN_DIRECT_OBJC_ISA_USAGE = YES_ERROR;
				CLANG_WARN_DOCUMENTATION_COMMENTS = YES;
				CLANG_WARN_EMPTY_BODY = YES;
				CLANG_WARN_ENUM_CONVERSION = YES;
				CLANG_WARN_INFINITE_RECURSION = YES;
				CLANG_WARN_INT_CONVERSION = YES;
				CLANG_WARN_NON_LITERAL_NULL_CONVERSION = YES;
				CLANG_WARN_OBJC_IMPLICIT_RETAIN_SELF = YES;
				CLANG_WARN_OBJC_LITERAL_CONVERSION = YES;
				CLANG_WARN_OBJC_ROOT_CLASS = YES_ERROR;
				CLANG_WARN_QUOTED_INCLUDE_IN_FRAMEWORK_HEADER = YES;
				CLANG_WARN_RANGE_LOOP_ANALYSIS = YES;
				CLANG_WARN_STRICT_PROTOTYPES = YES;
				CLANG_WARN_SUSPICIOUS_MOVE = YES;
				CLANG_WARN_UNGUARDED_AVAILABILITY = YES_AGGRESSIVE;
				CLANG_WARN_UNREACHABLE_CODE = YES;
				CLANG_WARN__DUPLICATE_METHOD_MATCH = YES;
				COPY_PHASE_STRIP = NO;
				DEBUG_INFORMATION_FORMAT = "dwarf-with-dsym";
				ENABLE_NS_ASSERTIONS = NO;
				ENABLE_STRICT_OBJC_MSGSEND = YES;
				ENABLE_USER_SCRIPT_SANDBOXING = YES;
				GCC_C_LANGUAGE_STANDARD = gnu17;
				GCC_NO_COMMON_BLOCKS = YES;
				GCC_WARN_64_TO_32_BIT_CONVERSION = YES;
				GCC_WARN_ABOUT_RETURN_TYPE = YES_ERROR;
				GCC_WARN_UNDECLARED_SELECTOR = YES;
				GCC_WARN_UNINITIALIZED_AUTOS = YES_AGGRESSIVE;
				GCC_WARN_UNUSED_FUNCTION = YES;
				GCC_WARN_UNUSED_VARIABLE = YES;
				IPHONEOS_DEPLOYMENT_TARGET = 17.2;
				LOCALIZATION_PREFERS_STRING_CATALOGS = YES;
				MTL_ENABLE_DEBUG_INFO = NO;
				MTL_FAST_MATH = YES;
				SDKROOT = iphoneos;
				SWIFT_COMPILATION_MODE = wholemodule;
				VALIDATE_PRODUCT = YES;
			};
			name = Release;
		};
		6F75F2E32B8B1F16008C7E7E /* Debug */ = {
			isa = XCBuildConfiguration;
			buildSettings = {
				ALWAYS_EMBED_SWIFT_STANDARD_LIBRARIES = YES;
				ASSETCATALOG_COMPILER_APPICON_NAME = AppIcon;
				ASSETCATALOG_COMPILER_GLOBAL_ACCENT_COLOR_NAME = AccentColor;
				CODE_SIGN_STYLE = Automatic;
				CURRENT_PROJECT_VERSION = 1;
				DEVELOPMENT_ASSET_PATHS = "\"WaterApplication/Preview Content\"";
				DEVELOPMENT_TEAM = 932HV6TJ62;
				ENABLE_PREVIEWS = YES;
				GENERATE_INFOPLIST_FILE = YES;
				INFOPLIST_KEY_UIApplicationSceneManifest_Generation = YES;
				INFOPLIST_KEY_UIApplicationSupportsIndirectInputEvents = YES;
				INFOPLIST_KEY_UILaunchScreen_Generation = YES;
				INFOPLIST_KEY_UISupportedInterfaceOrientations_iPad = "UIInterfaceOrientationPortrait UIInterfaceOrientationPortraitUpsideDown UIInterfaceOrientationLandscapeLeft UIInterfaceOrientationLandscapeRight";
				INFOPLIST_KEY_UISupportedInterfaceOrientations_iPhone = "UIInterfaceOrientationPortrait UIInterfaceOrientationLandscapeLeft UIInterfaceOrientationLandscapeRight";
				LD_RUNPATH_SEARCH_PATHS = (
					"$(inherited)",
					"@executable_path/Frameworks",
				);
				MARKETING_VERSION = 1.0;
				PRODUCT_BUNDLE_IDENTIFIER = twq.WaterApplication;
				PRODUCT_NAME = "$(TARGET_NAME)";
				SWIFT_EMIT_LOC_STRINGS = YES;
				SWIFT_VERSION = 5.0;
				TARGETED_DEVICE_FAMILY = "1,2";
			};
			name = Debug;
		};
		6F75F2E42B8B1F16008C7E7E /* Release */ = {
			isa = XCBuildConfiguration;
			buildSettings = {
				ALWAYS_EMBED_SWIFT_STANDARD_LIBRARIES = YES;
				ASSETCATALOG_COMPILER_APPICON_NAME = AppIcon;
				ASSETCATALOG_COMPILER_GLOBAL_ACCENT_COLOR_NAME = AccentColor;
				CODE_SIGN_STYLE = Automatic;
				CURRENT_PROJECT_VERSION = 1;
				DEVELOPMENT_ASSET_PATHS = "\"WaterApplication/Preview Content\"";
				DEVELOPMENT_TEAM = 932HV6TJ62;
				ENABLE_PREVIEWS = YES;
				GENERATE_INFOPLIST_FILE = YES;
				INFOPLIST_KEY_UIApplicationSceneManifest_Generation = YES;
				INFOPLIST_KEY_UIApplicationSupportsIndirectInputEvents = YES;
				INFOPLIST_KEY_UILaunchScreen_Generation = YES;
				INFOPLIST_KEY_UISupportedInterfaceOrientations_iPad = "UIInterfaceOrientationPortrait UIInterfaceOrientationPortraitUpsideDown UIInterfaceOrientationLandscapeLeft UIInterfaceOrientationLandscapeRight";
				INFOPLIST_KEY_UISupportedInterfaceOrientations_iPhone = "UIInterfaceOrientationPortrait UIInterfaceOrientationLandscapeLeft UIInterfaceOrientationLandscapeRight";
				LD_RUNPATH_SEARCH_PATHS = (
					"$(inherited)",
					"@executable_path/Frameworks",
				);
				MARKETING_VERSION = 1.0;
				PRODUCT_BUNDLE_IDENTIFIER = twq.WaterApplication;
				PRODUCT_NAME = "$(TARGET_NAME)";
				SWIFT_EMIT_LOC_STRINGS = YES;
				SWIFT_VERSION = 5.0;
				TARGETED_DEVICE_FAMILY = "1,2";
			};
			name = Release;
		};
		6F75F2F82B8B2050008C7E7E /* Debug */ = {
			isa = XCBuildConfiguration;
			buildSettings = {
				ASSETCATALOG_COMPILER_APPICON_NAME = AppIcon;
				ASSETCATALOG_COMPILER_GLOBAL_ACCENT_COLOR_NAME = AccentColor;
				CODE_SIGN_STYLE = Automatic;
				CURRENT_PROJECT_VERSION = 1;
				DEVELOPMENT_ASSET_PATHS = "\"WaterApplicatoin Watch App/Preview Content\"";
				DEVELOPMENT_TEAM = 932HV6TJ62;
				ENABLE_PREVIEWS = YES;
				GENERATE_INFOPLIST_FILE = YES;
				INFOPLIST_KEY_CFBundleDisplayName = WaterApplicatoin;
				INFOPLIST_KEY_UISupportedInterfaceOrientations = "UIInterfaceOrientationPortrait UIInterfaceOrientationPortraitUpsideDown";
				INFOPLIST_KEY_WKCompanionAppBundleIdentifier = twq.WaterApplication;
				LD_RUNPATH_SEARCH_PATHS = (
					"$(inherited)",
					"@executable_path/Frameworks",
				);
				MARKETING_VERSION = 1.0;
				PRODUCT_BUNDLE_IDENTIFIER = twq.WaterApplication.watchkitapp;
				PRODUCT_NAME = "$(TARGET_NAME)";
				SDKROOT = watchos;
				SKIP_INSTALL = YES;
				SWIFT_EMIT_LOC_STRINGS = YES;
				SWIFT_VERSION = 5.0;
				TARGETED_DEVICE_FAMILY = 4;
				WATCHOS_DEPLOYMENT_TARGET = 10.2;
			};
			name = Debug;
		};
		6F75F2F92B8B2050008C7E7E /* Release */ = {
			isa = XCBuildConfiguration;
			buildSettings = {
				ASSETCATALOG_COMPILER_APPICON_NAME = AppIcon;
				ASSETCATALOG_COMPILER_GLOBAL_ACCENT_COLOR_NAME = AccentColor;
				CODE_SIGN_STYLE = Automatic;
				CURRENT_PROJECT_VERSION = 1;
				DEVELOPMENT_ASSET_PATHS = "\"WaterApplicatoin Watch App/Preview Content\"";
				DEVELOPMENT_TEAM = 932HV6TJ62;
				ENABLE_PREVIEWS = YES;
				GENERATE_INFOPLIST_FILE = YES;
				INFOPLIST_KEY_CFBundleDisplayName = WaterApplicatoin;
				INFOPLIST_KEY_UISupportedInterfaceOrientations = "UIInterfaceOrientationPortrait UIInterfaceOrientationPortraitUpsideDown";
				INFOPLIST_KEY_WKCompanionAppBundleIdentifier = twq.WaterApplication;
				LD_RUNPATH_SEARCH_PATHS = (
					"$(inherited)",
					"@executable_path/Frameworks",
				);
				MARKETING_VERSION = 1.0;
				PRODUCT_BUNDLE_IDENTIFIER = twq.WaterApplication.watchkitapp;
				PRODUCT_NAME = "$(TARGET_NAME)";
				SDKROOT = watchos;
				SKIP_INSTALL = YES;
				SWIFT_EMIT_LOC_STRINGS = YES;
				SWIFT_VERSION = 5.0;
				TARGETED_DEVICE_FAMILY = 4;
				WATCHOS_DEPLOYMENT_TARGET = 10.2;
			};
			name = Release;
		};
/* End XCBuildConfiguration section */

/* Begin XCConfigurationList section */
		6F75F2CF2B8B1F15008C7E7E /* Build configuration list for PBXProject "WaterApplication" */ = {
			isa = XCConfigurationList;
			buildConfigurations = (
				6F75F2E02B8B1F16008C7E7E /* Debug */,
				6F75F2E12B8B1F16008C7E7E /* Release */,
			);
			defaultConfigurationIsVisible = 0;
			defaultConfigurationName = Release;
		};
		6F75F2E22B8B1F16008C7E7E /* Build configuration list for PBXNativeTarget "WaterApplication" */ = {
			isa = XCConfigurationList;
			buildConfigurations = (
				6F75F2E32B8B1F16008C7E7E /* Debug */,
				6F75F2E42B8B1F16008C7E7E /* Release */,
			);
			defaultConfigurationIsVisible = 0;
			defaultConfigurationName = Release;
		};
		6F75F2F72B8B2050008C7E7E /* Build configuration list for PBXNativeTarget "WaterApplicatoin Watch App" */ = {
			isa = XCConfigurationList;
			buildConfigurations = (
				6F75F2F82B8B2050008C7E7E /* Debug */,
				6F75F2F92B8B2050008C7E7E /* Release */,
			);
			defaultConfigurationIsVisible = 0;
			defaultConfigurationName = Release;
		};
/* End XCConfigurationList section */
	};
	rootObject = 6F75F2CC2B8B1F15008C7E7E /* Project object */;
}
